
Microsoft Visual Studio Solution File, Format Version 12.00
Project("{FAE04EC0-301F-11D3-BF4B-00C04F79EFBC}") = "Selah.Aspire", "Selah.Aspire.csproj", "{D483465A-E0EA-4638-B078-743C9DCC55C0}"
EndProject
Project("{FAE04EC0-301F-11D3-BF4B-00C04F79EFBC}") = "Application", "..\core.api\src\Application\Application.csproj", "{4B6FE360-76E4-469D-9385-E022BD7D6D39}"
EndProject
Project("{FAE04EC0-301F-11D3-BF4B-00C04F79EFBC}") = "Domain", "..\core.api\src\Domain\Domain.csproj", "{B4FE3E3C-D456-409D-ABBC-CEA0D34090E7}"
EndProject
Project("{FAE04EC0-301F-11D3-BF4B-00C04F79EFBC}") = "Infrastructure", "..\core.api\src\Infrastructure\Infrastructure.csproj", "{99E9D05E-CED3-418C-94A0-9F415B61F990}"
EndProject
Project("{FAE04EC0-301F-11D3-BF4B-00C04F79EFBC}") = "WebApi", "..\core.api\src\WebApi\WebApi.csproj", "{1BFED987-E026-46BB-923F-DD16522098EF}"
EndProject
Project("{2150E333-8FDC-42A3-9474-1A3956D46DE8}") = "Core.API", "Core.API", "{294EB211-9C74-4741-84B0-6B9E7AAEC9C9}"
EndProject
Project("{2150E333-8FDC-42A3-9474-1A3956D46DE8}") = "Solution Items", "Solution Items", "{22D4FA6A-BB57-4AF6-B889-9A9205A81E54}"
	ProjectSection(SolutionItems) = preProject
		compose.yaml = compose.yaml
	EndProjectSection
EndProject
Project("{2150E333-8FDC-42A3-9474-1A3956D46DE8}") = "Webhooks.API", "Webhooks.API", "{3D48EDE4-BBAC-4D23-8021-E570A2996B4E}"
EndProject
Project("{FAE04EC0-301F-11D3-BF4B-00C04F79EFBC}") = "Webhooks.Api", "..\webhooks.api\src\Webhooks.Api\Webhooks.Api.csproj", "{FF2D27C1-39F6-42AB-AD79-53B036AA35A5}"
EndProject
Project("{FAE04EC0-301F-11D3-BF4B-00C04F79EFBC}") = "Webhooks.Core", "..\webhooks.api\src\Webhooks.Core\Webhooks.Core.csproj", "{AFDF6E6C-E0F1-4915-9171-F9ACBB5A6D60}"
EndProject
Project("{FAE04EC0-301F-11D3-BF4B-00C04F79EFBC}") = "Webhooks.Infrastructure", "..\webhooks.api\src\Webhooks.Infrastructure\Webhooks.Infrastructure.csproj", "{A133ACEE-D003-46AE-BB06-EDAB3FC76A55}"
EndProject
Global
	GlobalSection(SolutionConfigurationPlatforms) = preSolution
		Debug|Any CPU = Debug|Any CPU
		Release|Any CPU = Release|Any CPU
	EndGlobalSection
	GlobalSection(ProjectConfigurationPlatforms) = postSolution
		{D483465A-E0EA-4638-B078-743C9DCC55C0}.Debug|Any CPU.ActiveCfg = Debug|Any CPU
		{D483465A-E0EA-4638-B078-743C9DCC55C0}.Debug|Any CPU.Build.0 = Debug|Any CPU
		{D483465A-E0EA-4638-B078-743C9DCC55C0}.Release|Any CPU.ActiveCfg = Release|Any CPU
		{D483465A-E0EA-4638-B078-743C9DCC55C0}.Release|Any CPU.Build.0 = Release|Any CPU
		{4B6FE360-76E4-469D-9385-E022BD7D6D39}.Debug|Any CPU.ActiveCfg = Debug|Any CPU
		{4B6FE360-76E4-469D-9385-E022BD7D6D39}.Debug|Any CPU.Build.0 = Debug|Any CPU
		{4B6FE360-76E4-469D-9385-E022BD7D6D39}.Release|Any CPU.ActiveCfg = Release|Any CPU
		{4B6FE360-76E4-469D-9385-E022BD7D6D39}.Release|Any CPU.Build.0 = Release|Any CPU
		{B4FE3E3C-D456-409D-ABBC-CEA0D34090E7}.Debug|Any CPU.ActiveCfg = Debug|Any CPU
		{B4FE3E3C-D456-409D-ABBC-CEA0D34090E7}.Debug|Any CPU.Build.0 = Debug|Any CPU
		{B4FE3E3C-D456-409D-ABBC-CEA0D34090E7}.Release|Any CPU.ActiveCfg = Release|Any CPU
		{B4FE3E3C-D456-409D-ABBC-CEA0D34090E7}.Release|Any CPU.Build.0 = Release|Any CPU
		{99E9D05E-CED3-418C-94A0-9F415B61F990}.Debug|Any CPU.ActiveCfg = Debug|Any CPU
		{99E9D05E-CED3-418C-94A0-9F415B61F990}.Debug|Any CPU.Build.0 = Debug|Any CPU
		{99E9D05E-CED3-418C-94A0-9F415B61F990}.Release|Any CPU.ActiveCfg = Release|Any CPU
		{99E9D05E-CED3-418C-94A0-9F415B61F990}.Release|Any CPU.Build.0 = Release|Any CPU
		{1BFED987-E026-46BB-923F-DD16522098EF}.Debug|Any CPU.ActiveCfg = Debug|Any CPU
		{1BFED987-E026-46BB-923F-DD16522098EF}.Debug|Any CPU.Build.0 = Debug|Any CPU
		{1BFED987-E026-46BB-923F-DD16522098EF}.Release|Any CPU.ActiveCfg = Release|Any CPU
		{1BFED987-E026-46BB-923F-DD16522098EF}.Release|Any CPU.Build.0 = Release|Any CPU
		{FF2D27C1-39F6-42AB-AD79-53B036AA35A5}.Debug|Any CPU.ActiveCfg = Debug|Any CPU
		{FF2D27C1-39F6-42AB-AD79-53B036AA35A5}.Debug|Any CPU.Build.0 = Debug|Any CPU
		{FF2D27C1-39F6-42AB-AD79-53B036AA35A5}.Release|Any CPU.ActiveCfg = Release|Any CPU
		{FF2D27C1-39F6-42AB-AD79-53B036AA35A5}.Release|Any CPU.Build.0 = Release|Any CPU
		{AFDF6E6C-E0F1-4915-9171-F9ACBB5A6D60}.Debug|Any CPU.ActiveCfg = Debug|Any CPU
		{AFDF6E6C-E0F1-4915-9171-F9ACBB5A6D60}.Debug|Any CPU.Build.0 = Debug|Any CPU
		{AFDF6E6C-E0F1-4915-9171-F9ACBB5A6D60}.Release|Any CPU.ActiveCfg = Release|Any CPU
		{AFDF6E6C-E0F1-4915-9171-F9ACBB5A6D60}.Release|Any CPU.Build.0 = Release|Any CPU
		{A133ACEE-D003-46AE-BB06-EDAB3FC76A55}.Debug|Any CPU.ActiveCfg = Debug|Any CPU
		{A133ACEE-D003-46AE-BB06-EDAB3FC76A55}.Debug|Any CPU.Build.0 = Debug|Any CPU
		{A133ACEE-D003-46AE-BB06-EDAB3FC76A55}.Release|Any CPU.ActiveCfg = Release|Any CPU
		{A133ACEE-D003-46AE-BB06-EDAB3FC76A55}.Release|Any CPU.Build.0 = Release|Any CPU
	EndGlobalSection
	GlobalSection(NestedProjects) = preSolution
		{4B6FE360-76E4-469D-9385-E022BD7D6D39} = {294EB211-9C74-4741-84B0-6B9E7AAEC9C9}
		{B4FE3E3C-D456-409D-ABBC-CEA0D34090E7} = {294EB211-9C74-4741-84B0-6B9E7AAEC9C9}
		{99E9D05E-CED3-418C-94A0-9F415B61F990} = {294EB211-9C74-4741-84B0-6B9E7AAEC9C9}
		{1BFED987-E026-46BB-923F-DD16522098EF} = {294EB211-9C74-4741-84B0-6B9E7AAEC9C9}
		{FF2D27C1-39F6-42AB-AD79-53B036AA35A5} = {3D48EDE4-BBAC-4D23-8021-E570A2996B4E}
		{AFDF6E6C-E0F1-4915-9171-F9ACBB5A6D60} = {3D48EDE4-BBAC-4D23-8021-E570A2996B4E}
		{A133ACEE-D003-46AE-BB06-EDAB3FC76A55} = {3D48EDE4-BBAC-4D23-8021-E570A2996B4E}
	EndGlobalSection
EndGlobal
