
Microsoft Visual Studio Solution File, Format Version 12.00
Project("{FAE04EC0-301F-11D3-BF4B-00C04F79EFBC}") = "Selah.Aspire", "Selah.Aspire.csproj", "{D483465A-E0EA-4638-B078-743C9DCC55C0}"
EndProject
Project("{FAE04EC0-301F-11D3-BF4B-00C04F79EFBC}") = "Application", "..\core.api\src\Application\Application.csproj", "{4B6FE360-76E4-469D-9385-E022BD7D6D39}"
EndProject
Project("{FAE04EC0-301F-11D3-BF4B-00C04F79EFBC}") = "Domain", "..\core.api\src\Domain\Domain.csproj", "{B4FE3E3C-D456-409D-ABBC-CEA0D34090E7}"
EndProject
Project("{FAE04EC0-301F-11D3-BF4B-00C04F79EFBC}") = "Infrastructure", "..\core.api\src\Infrastructure\Infrastructure.csproj", "{99E9D05E-CED3-418C-94A0-9F415B61F990}"
EndProject
Project("{FAE04EC0-301F-11D3-BF4B-00C04F79EFBC}") = "WebApi", "..\core.api\src\WebApi\WebApi.csproj", "{1BFED987-E026-46BB-923F-DD16522098EF}"
EndProject
Project("{2150E333-8FDC-42A3-9474-1A3956D46DE8}") = "Core.API", "Core.API", "{294EB211-9C74-4741-84B0-6B9E7AAEC9C9}"
EndProject
Project("{2150E333-8FDC-42A3-9474-1A3956D46DE8}") = "Solution Items", "Solution Items", "{22D4FA6A-BB57-4AF6-B889-9A9205A81E54}"
	ProjectSection(SolutionItems) = preProject
		compose.yaml = compose.yaml
	EndProjectSection
EndProject
Project("{2150E333-8FDC-42A3-9474-1A3956D46DE8}") = "Webhooks.API", "Webhooks.API", "{3D48EDE4-BBAC-4D23-8021-E570A2996B4E}"
EndProject
Project("{FAE04EC0-301F-11D3-BF4B-00C04F79EFBC}") = "Webhooks.Api", "..\webhooks.api\src\Webhooks.Api\Webhooks.Api.csproj", "{FF2D27C1-39F6-42AB-AD79-53B036AA35A5}"
EndProject
Project("{FAE04EC0-301F-11D3-BF4B-00C04F79EFBC}") = "Webhooks.Core", "..\webhooks.api\src\Webhooks.Core\Webhooks.Core.csproj", "{AFDF6E6C-E0F1-4915-9171-F9ACBB5A6D60}"
EndProject
Project("{FAE04EC0-301F-11D3-BF4B-00C04F79EFBC}") = "Webhooks.Infrastructure", "..\webhooks.api\src\Webhooks.Infrastructure\Webhooks.Infrastructure.csproj", "{A133ACEE-D003-46AE-BB06-EDAB3FC76A55}"
EndProject
Project("{2150E333-8FDC-42A3-9474-1A3956D46DE8}") = "src", "src", "{F4442C03-E1F5-43BC-A782-BC56CF011C5F}"
EndProject
Project("{2150E333-8FDC-42A3-9474-1A3956D46DE8}") = "test", "test", "{0ACD461E-2D73-4D20-8C4F-12A233CC5CA6}"
EndProject
Project("{FAE04EC0-301F-11D3-BF4B-00C04F79EFBC}") = "Application.UnitTests", "..\core.api\test\Application.UnitTests\Application.UnitTests.csproj", "{6FB687DC-FFF4-4521-89EF-172E4B44956D}"
EndProject
Project("{FAE04EC0-301F-11D3-BF4B-00C04F79EFBC}") = "Infrastructure.IntegrationTests", "..\core.api\test\Infrastructure.IntegrationTests\Infrastructure.IntegrationTests.csproj", "{F423FF9D-A5EF-4788-BAE6-E68D6DCB3F44}"
EndProject
Project("{FAE04EC0-301F-11D3-BF4B-00C04F79EFBC}") = "Infrastructure.UnitTests", "..\core.api\test\Infrastructure.UnitTests\Infrastructure.UnitTests.csproj", "{84AEEE78-40F5-41FA-8F23-CFEA536E5827}"
EndProject
Project("{2150E333-8FDC-42A3-9474-1A3956D46DE8}") = "src", "src", "{A25E1779-9EE2-4F58-B472-A012C6270F15}"
EndProject
Project("{2150E333-8FDC-42A3-9474-1A3956D46DE8}") = "test", "test", "{D4A15F5E-E1AC-4871-8750-C1C01F1967B2}"
EndProject
Project("{FAE04EC0-301F-11D3-BF4B-00C04F79EFBC}") = "Webhooks.Api.IntegrationTests", "..\webhooks.api\test\Webhooks.Api.IntegrationTests\Webhooks.Api.IntegrationTests.csproj", "{07BAF739-10ED-4732-94E4-857FDC27B56B}"
EndProject
Project("{FAE04EC0-301F-11D3-BF4B-00C04F79EFBC}") = "Webhooks.Api.UnitTests", "..\webhooks.api\test\Webhooks.Api.UnitTests\Webhooks.Api.UnitTests.csproj", "{4ED6D4AF-6855-45F6-87F3-81F3FC67664F}"
EndProject
Project("{FAE04EC0-301F-11D3-BF4B-00C04F79EFBC}") = "Webhooks.InfrastructureIntegrationTests", "..\webhooks.api\test\Webhooks.InfrastructureIntegrationTests\Webhooks.InfrastructureIntegrationTests.csproj", "{4F4A0E5E-38F1-490A-AD40-DFAC88DCC0D8}"
EndProject
Project("{FAE04EC0-301F-11D3-BF4B-00C04F79EFBC}") = "WebApi.UnitTests", "..\core.api\test\WebApi.UnitTests\WebApi.UnitTests.csproj", "{A699EC4D-9B01-4045-97D0-7BC429D1B51D}"
EndProject
Project("{FAE04EC0-301F-11D3-BF4B-00C04F79EFBC}") = "Webhooks.Infrastructure.UnitTests", "..\webhooks.api\test\Webhooks.Infrastructure.UnitTests\Webhooks.Infrastructure.UnitTests.csproj", "{66CB57E2-422E-437C-AC15-2B95CB6EFAD5}"
EndProject
Global
	GlobalSection(SolutionConfigurationPlatforms) = preSolution
		Debug|Any CPU = Debug|Any CPU
		Release|Any CPU = Release|Any CPU
	EndGlobalSection
	GlobalSection(ProjectConfigurationPlatforms) = postSolution
		{D483465A-E0EA-4638-B078-743C9DCC55C0}.Debug|Any CPU.ActiveCfg = Debug|Any CPU
		{D483465A-E0EA-4638-B078-743C9DCC55C0}.Debug|Any CPU.Build.0 = Debug|Any CPU
		{D483465A-E0EA-4638-B078-743C9DCC55C0}.Release|Any CPU.ActiveCfg = Release|Any CPU
		{D483465A-E0EA-4638-B078-743C9DCC55C0}.Release|Any CPU.Build.0 = Release|Any CPU
		{4B6FE360-76E4-469D-9385-E022BD7D6D39}.Debug|Any CPU.ActiveCfg = Debug|Any CPU
		{4B6FE360-76E4-469D-9385-E022BD7D6D39}.Debug|Any CPU.Build.0 = Debug|Any CPU
		{4B6FE360-76E4-469D-9385-E022BD7D6D39}.Release|Any CPU.ActiveCfg = Release|Any CPU
		{4B6FE360-76E4-469D-9385-E022BD7D6D39}.Release|Any CPU.Build.0 = Release|Any CPU
		{B4FE3E3C-D456-409D-ABBC-CEA0D34090E7}.Debug|Any CPU.ActiveCfg = Debug|Any CPU
		{B4FE3E3C-D456-409D-ABBC-CEA0D34090E7}.Debug|Any CPU.Build.0 = Debug|Any CPU
		{B4FE3E3C-D456-409D-ABBC-CEA0D34090E7}.Release|Any CPU.ActiveCfg = Release|Any CPU
		{B4FE3E3C-D456-409D-ABBC-CEA0D34090E7}.Release|Any CPU.Build.0 = Release|Any CPU
		{99E9D05E-CED3-418C-94A0-9F415B61F990}.Debug|Any CPU.ActiveCfg = Debug|Any CPU
		{99E9D05E-CED3-418C-94A0-9F415B61F990}.Debug|Any CPU.Build.0 = Debug|Any CPU
		{99E9D05E-CED3-418C-94A0-9F415B61F990}.Release|Any CPU.ActiveCfg = Release|Any CPU
		{99E9D05E-CED3-418C-94A0-9F415B61F990}.Release|Any CPU.Build.0 = Release|Any CPU
		{1BFED987-E026-46BB-923F-DD16522098EF}.Debug|Any CPU.ActiveCfg = Debug|Any CPU
		{1BFED987-E026-46BB-923F-DD16522098EF}.Debug|Any CPU.Build.0 = Debug|Any CPU
		{1BFED987-E026-46BB-923F-DD16522098EF}.Release|Any CPU.ActiveCfg = Release|Any CPU
		{1BFED987-E026-46BB-923F-DD16522098EF}.Release|Any CPU.Build.0 = Release|Any CPU
		{FF2D27C1-39F6-42AB-AD79-53B036AA35A5}.Debug|Any CPU.ActiveCfg = Debug|Any CPU
		{FF2D27C1-39F6-42AB-AD79-53B036AA35A5}.Debug|Any CPU.Build.0 = Debug|Any CPU
		{FF2D27C1-39F6-42AB-AD79-53B036AA35A5}.Release|Any CPU.ActiveCfg = Release|Any CPU
		{FF2D27C1-39F6-42AB-AD79-53B036AA35A5}.Release|Any CPU.Build.0 = Release|Any CPU
		{AFDF6E6C-E0F1-4915-9171-F9ACBB5A6D60}.Debug|Any CPU.ActiveCfg = Debug|Any CPU
		{AFDF6E6C-E0F1-4915-9171-F9ACBB5A6D60}.Debug|Any CPU.Build.0 = Debug|Any CPU
		{AFDF6E6C-E0F1-4915-9171-F9ACBB5A6D60}.Release|Any CPU.ActiveCfg = Release|Any CPU
		{AFDF6E6C-E0F1-4915-9171-F9ACBB5A6D60}.Release|Any CPU.Build.0 = Release|Any CPU
		{A133ACEE-D003-46AE-BB06-EDAB3FC76A55}.Debug|Any CPU.ActiveCfg = Debug|Any CPU
		{A133ACEE-D003-46AE-BB06-EDAB3FC76A55}.Debug|Any CPU.Build.0 = Debug|Any CPU
		{A133ACEE-D003-46AE-BB06-EDAB3FC76A55}.Release|Any CPU.ActiveCfg = Release|Any CPU
		{A133ACEE-D003-46AE-BB06-EDAB3FC76A55}.Release|Any CPU.Build.0 = Release|Any CPU
		{6FB687DC-FFF4-4521-89EF-172E4B44956D}.Debug|Any CPU.ActiveCfg = Debug|Any CPU
		{6FB687DC-FFF4-4521-89EF-172E4B44956D}.Debug|Any CPU.Build.0 = Debug|Any CPU
		{6FB687DC-FFF4-4521-89EF-172E4B44956D}.Release|Any CPU.ActiveCfg = Release|Any CPU
		{6FB687DC-FFF4-4521-89EF-172E4B44956D}.Release|Any CPU.Build.0 = Release|Any CPU
		{F423FF9D-A5EF-4788-BAE6-E68D6DCB3F44}.Debug|Any CPU.ActiveCfg = Debug|Any CPU
		{F423FF9D-A5EF-4788-BAE6-E68D6DCB3F44}.Debug|Any CPU.Build.0 = Debug|Any CPU
		{F423FF9D-A5EF-4788-BAE6-E68D6DCB3F44}.Release|Any CPU.ActiveCfg = Release|Any CPU
		{F423FF9D-A5EF-4788-BAE6-E68D6DCB3F44}.Release|Any CPU.Build.0 = Release|Any CPU
		{84AEEE78-40F5-41FA-8F23-CFEA536E5827}.Debug|Any CPU.ActiveCfg = Debug|Any CPU
		{84AEEE78-40F5-41FA-8F23-CFEA536E5827}.Debug|Any CPU.Build.0 = Debug|Any CPU
		{84AEEE78-40F5-41FA-8F23-CFEA536E5827}.Release|Any CPU.ActiveCfg = Release|Any CPU
		{84AEEE78-40F5-41FA-8F23-CFEA536E5827}.Release|Any CPU.Build.0 = Release|Any CPU
		{07BAF739-10ED-4732-94E4-857FDC27B56B}.Debug|Any CPU.ActiveCfg = Debug|Any CPU
		{07BAF739-10ED-4732-94E4-857FDC27B56B}.Debug|Any CPU.Build.0 = Debug|Any CPU
		{07BAF739-10ED-4732-94E4-857FDC27B56B}.Release|Any CPU.ActiveCfg = Release|Any CPU
		{07BAF739-10ED-4732-94E4-857FDC27B56B}.Release|Any CPU.Build.0 = Release|Any CPU
		{4ED6D4AF-6855-45F6-87F3-81F3FC67664F}.Debug|Any CPU.ActiveCfg = Debug|Any CPU
		{4ED6D4AF-6855-45F6-87F3-81F3FC67664F}.Debug|Any CPU.Build.0 = Debug|Any CPU
		{4ED6D4AF-6855-45F6-87F3-81F3FC67664F}.Release|Any CPU.ActiveCfg = Release|Any CPU
		{4ED6D4AF-6855-45F6-87F3-81F3FC67664F}.Release|Any CPU.Build.0 = Release|Any CPU
		{4F4A0E5E-38F1-490A-AD40-DFAC88DCC0D8}.Debug|Any CPU.ActiveCfg = Debug|Any CPU
		{4F4A0E5E-38F1-490A-AD40-DFAC88DCC0D8}.Debug|Any CPU.Build.0 = Debug|Any CPU
		{4F4A0E5E-38F1-490A-AD40-DFAC88DCC0D8}.Release|Any CPU.ActiveCfg = Release|Any CPU
		{4F4A0E5E-38F1-490A-AD40-DFAC88DCC0D8}.Release|Any CPU.Build.0 = Release|Any CPU
		{A699EC4D-9B01-4045-97D0-7BC429D1B51D}.Debug|Any CPU.ActiveCfg = Debug|Any CPU
		{A699EC4D-9B01-4045-97D0-7BC429D1B51D}.Debug|Any CPU.Build.0 = Debug|Any CPU
		{A699EC4D-9B01-4045-97D0-7BC429D1B51D}.Release|Any CPU.ActiveCfg = Release|Any CPU
		{A699EC4D-9B01-4045-97D0-7BC429D1B51D}.Release|Any CPU.Build.0 = Release|Any CPU
		{66CB57E2-422E-437C-AC15-2B95CB6EFAD5}.Debug|Any CPU.ActiveCfg = Debug|Any CPU
		{66CB57E2-422E-437C-AC15-2B95CB6EFAD5}.Debug|Any CPU.Build.0 = Debug|Any CPU
		{66CB57E2-422E-437C-AC15-2B95CB6EFAD5}.Release|Any CPU.ActiveCfg = Release|Any CPU
		{66CB57E2-422E-437C-AC15-2B95CB6EFAD5}.Release|Any CPU.Build.0 = Release|Any CPU
	EndGlobalSection
	GlobalSection(NestedProjects) = preSolution
		{F4442C03-E1F5-43BC-A782-BC56CF011C5F} = {294EB211-9C74-4741-84B0-6B9E7AAEC9C9}
		{0ACD461E-2D73-4D20-8C4F-12A233CC5CA6} = {294EB211-9C74-4741-84B0-6B9E7AAEC9C9}
		{4B6FE360-76E4-469D-9385-E022BD7D6D39} = {F4442C03-E1F5-43BC-A782-BC56CF011C5F}
		{B4FE3E3C-D456-409D-ABBC-CEA0D34090E7} = {F4442C03-E1F5-43BC-A782-BC56CF011C5F}
		{99E9D05E-CED3-418C-94A0-9F415B61F990} = {F4442C03-E1F5-43BC-A782-BC56CF011C5F}
		{1BFED987-E026-46BB-923F-DD16522098EF} = {F4442C03-E1F5-43BC-A782-BC56CF011C5F}
		{6FB687DC-FFF4-4521-89EF-172E4B44956D} = {0ACD461E-2D73-4D20-8C4F-12A233CC5CA6}
		{F423FF9D-A5EF-4788-BAE6-E68D6DCB3F44} = {0ACD461E-2D73-4D20-8C4F-12A233CC5CA6}
		{84AEEE78-40F5-41FA-8F23-CFEA536E5827} = {0ACD461E-2D73-4D20-8C4F-12A233CC5CA6}
		{A25E1779-9EE2-4F58-B472-A012C6270F15} = {3D48EDE4-BBAC-4D23-8021-E570A2996B4E}
		{D4A15F5E-E1AC-4871-8750-C1C01F1967B2} = {3D48EDE4-BBAC-4D23-8021-E570A2996B4E}
		{FF2D27C1-39F6-42AB-AD79-53B036AA35A5} = {A25E1779-9EE2-4F58-B472-A012C6270F15}
		{AFDF6E6C-E0F1-4915-9171-F9ACBB5A6D60} = {A25E1779-9EE2-4F58-B472-A012C6270F15}
		{A133ACEE-D003-46AE-BB06-EDAB3FC76A55} = {A25E1779-9EE2-4F58-B472-A012C6270F15}
		{07BAF739-10ED-4732-94E4-857FDC27B56B} = {D4A15F5E-E1AC-4871-8750-C1C01F1967B2}
		{4ED6D4AF-6855-45F6-87F3-81F3FC67664F} = {D4A15F5E-E1AC-4871-8750-C1C01F1967B2}
		{4F4A0E5E-38F1-490A-AD40-DFAC88DCC0D8} = {D4A15F5E-E1AC-4871-8750-C1C01F1967B2}
		{A699EC4D-9B01-4045-97D0-7BC429D1B51D} = {0ACD461E-2D73-4D20-8C4F-12A233CC5CA6}
		{66CB57E2-422E-437C-AC15-2B95CB6EFAD5} = {D4A15F5E-E1AC-4871-8750-C1C01F1967B2}
	EndGlobalSection
EndGlobal
