
Microsoft Visual Studio Solution File, Format Version 12.00
# Visual Studio Version 17
VisualStudioVersion = 17.0.31903.59
MinimumVisualStudioVersion = 10.0.40219.1
Project("{2150E333-8FDC-42A3-9474-1A3956D46DE8}") = "src", "src", "{827E0CD3-B72D-47B6-A68D-7590B98EB39B}"
EndProject
Project("{FAE04EC0-301F-11D3-BF4B-00C04F79EFBC}") = "Webhooks.Api", "src\Webhooks.Api\Webhooks.Api.csproj", "{28B2D902-16AF-4502-A902-6CC41677A627}"
EndProject
Project("{FAE04EC0-301F-11D3-BF4B-00C04F79EFBC}") = "Webhooks.Core", "src\Webhooks.Core\Webhooks.Core.csproj", "{6F83DD2F-EF46-4318-BFE9-D5813328ECC6}"
EndProject
Project("{FAE04EC0-301F-11D3-BF4B-00C04F79EFBC}") = "Webhooks.Infrastructure", "src\Webhooks.Infrastructure\Webhooks.Infrastructure.csproj", "{546A13E2-A3D4-4DC9-9351-65C26C001B16}"
EndProject
Project("{2150E333-8FDC-42A3-9474-1A3956D46DE8}") = "test", "test", "{0C88DD14-F956-CE84-757C-A364CCF449FC}"
EndProject
Project("{FAE04EC0-301F-11D3-BF4B-00C04F79EFBC}") = "Webhooks.ApiIntegrationTests", "test\Webhooks.ApiIntegrationTests\Webhooks.ApiIntegrationTests.csproj", "{7D88FDEE-926E-4DAC-A8C9-CFC618F84A6E}"
EndProject
Project("{FAE04EC0-301F-11D3-BF4B-00C04F79EFBC}") = "Webhooks.ApiUnitTests", "test\Webhooks.ApiUnitTests\Webhooks.ApiUnitTests.csproj", "{DA16B29E-18D4-4C20-A3F0-169017C3997E}"
EndProject
Project("{FAE04EC0-301F-11D3-BF4B-00C04F79EFBC}") = "Webhooks.InfrastuctureIntegrationTests", "test\Webhooks.InfrastuctureIntegrationTests\Webhooks.InfrastuctureIntegrationTests.csproj", "{6B0A9FB9-CCD9-45DE-B318-FB91BED9833A}"
EndProject
Project("{FAE04EC0-301F-11D3-BF4B-00C04F79EFBC}") = "Webhooks.InfrastuctureUnitTests", "test\Webhooks.InfrastuctureUnitTests\Webhooks.InfrastuctureUnitTests.csproj", "{6E2C8D8D-6CE6-476B-B606-EDA385277517}"
EndProject
Global
	GlobalSection(SolutionConfigurationPlatforms) = preSolution
		Debug|Any CPU = Debug|Any CPU
		Debug|x64 = Debug|x64
		Debug|x86 = Debug|x86
		Release|Any CPU = Release|Any CPU
		Release|x64 = Release|x64
		Release|x86 = Release|x86
	EndGlobalSection
	GlobalSection(ProjectConfigurationPlatforms) = postSolution
		{28B2D902-16AF-4502-A902-6CC41677A627}.Debug|Any CPU.ActiveCfg = Debug|Any CPU
		{28B2D902-16AF-4502-A902-6CC41677A627}.Debug|Any CPU.Build.0 = Debug|Any CPU
		{28B2D902-16AF-4502-A902-6CC41677A627}.Debug|x64.ActiveCfg = Debug|Any CPU
		{28B2D902-16AF-4502-A902-6CC41677A627}.Debug|x64.Build.0 = Debug|Any CPU
		{28B2D902-16AF-4502-A902-6CC41677A627}.Debug|x86.ActiveCfg = Debug|Any CPU
		{28B2D902-16AF-4502-A902-6CC41677A627}.Debug|x86.Build.0 = Debug|Any CPU
		{28B2D902-16AF-4502-A902-6CC41677A627}.Release|Any CPU.ActiveCfg = Release|Any CPU
		{28B2D902-16AF-4502-A902-6CC41677A627}.Release|Any CPU.Build.0 = Release|Any CPU
		{28B2D902-16AF-4502-A902-6CC41677A627}.Release|x64.ActiveCfg = Release|Any CPU
		{28B2D902-16AF-4502-A902-6CC41677A627}.Release|x64.Build.0 = Release|Any CPU
		{28B2D902-16AF-4502-A902-6CC41677A627}.Release|x86.ActiveCfg = Release|Any CPU
		{28B2D902-16AF-4502-A902-6CC41677A627}.Release|x86.Build.0 = Release|Any CPU
		{6F83DD2F-EF46-4318-BFE9-D5813328ECC6}.Debug|Any CPU.ActiveCfg = Debug|Any CPU
		{6F83DD2F-EF46-4318-BFE9-D5813328ECC6}.Debug|Any CPU.Build.0 = Debug|Any CPU
		{6F83DD2F-EF46-4318-BFE9-D5813328ECC6}.Debug|x64.ActiveCfg = Debug|Any CPU
		{6F83DD2F-EF46-4318-BFE9-D5813328ECC6}.Debug|x64.Build.0 = Debug|Any CPU
		{6F83DD2F-EF46-4318-BFE9-D5813328ECC6}.Debug|x86.ActiveCfg = Debug|Any CPU
		{6F83DD2F-EF46-4318-BFE9-D5813328ECC6}.Debug|x86.Build.0 = Debug|Any CPU
		{6F83DD2F-EF46-4318-BFE9-D5813328ECC6}.Release|Any CPU.ActiveCfg = Release|Any CPU
		{6F83DD2F-EF46-4318-BFE9-D5813328ECC6}.Release|Any CPU.Build.0 = Release|Any CPU
		{6F83DD2F-EF46-4318-BFE9-D5813328ECC6}.Release|x64.ActiveCfg = Release|Any CPU
		{6F83DD2F-EF46-4318-BFE9-D5813328ECC6}.Release|x64.Build.0 = Release|Any CPU
		{6F83DD2F-EF46-4318-BFE9-D5813328ECC6}.Release|x86.ActiveCfg = Release|Any CPU
		{6F83DD2F-EF46-4318-BFE9-D5813328ECC6}.Release|x86.Build.0 = Release|Any CPU
		{546A13E2-A3D4-4DC9-9351-65C26C001B16}.Debug|Any CPU.ActiveCfg = Debug|Any CPU
		{546A13E2-A3D4-4DC9-9351-65C26C001B16}.Debug|Any CPU.Build.0 = Debug|Any CPU
		{546A13E2-A3D4-4DC9-9351-65C26C001B16}.Debug|x64.ActiveCfg = Debug|Any CPU
		{546A13E2-A3D4-4DC9-9351-65C26C001B16}.Debug|x64.Build.0 = Debug|Any CPU
		{546A13E2-A3D4-4DC9-9351-65C26C001B16}.Debug|x86.ActiveCfg = Debug|Any CPU
		{546A13E2-A3D4-4DC9-9351-65C26C001B16}.Debug|x86.Build.0 = Debug|Any CPU
		{546A13E2-A3D4-4DC9-9351-65C26C001B16}.Release|Any CPU.ActiveCfg = Release|Any CPU
		{546A13E2-A3D4-4DC9-9351-65C26C001B16}.Release|Any CPU.Build.0 = Release|Any CPU
		{546A13E2-A3D4-4DC9-9351-65C26C001B16}.Release|x64.ActiveCfg = Release|Any CPU
		{546A13E2-A3D4-4DC9-9351-65C26C001B16}.Release|x64.Build.0 = Release|Any CPU
		{546A13E2-A3D4-4DC9-9351-65C26C001B16}.Release|x86.ActiveCfg = Release|Any CPU
		{546A13E2-A3D4-4DC9-9351-65C26C001B16}.Release|x86.Build.0 = Release|Any CPU
		{7D88FDEE-926E-4DAC-A8C9-CFC618F84A6E}.Debug|Any CPU.ActiveCfg = Debug|Any CPU
		{7D88FDEE-926E-4DAC-A8C9-CFC618F84A6E}.Debug|Any CPU.Build.0 = Debug|Any CPU
		{7D88FDEE-926E-4DAC-A8C9-CFC618F84A6E}.Debug|x64.ActiveCfg = Debug|Any CPU
		{7D88FDEE-926E-4DAC-A8C9-CFC618F84A6E}.Debug|x64.Build.0 = Debug|Any CPU
		{7D88FDEE-926E-4DAC-A8C9-CFC618F84A6E}.Debug|x86.ActiveCfg = Debug|Any CPU
		{7D88FDEE-926E-4DAC-A8C9-CFC618F84A6E}.Debug|x86.Build.0 = Debug|Any CPU
		{7D88FDEE-926E-4DAC-A8C9-CFC618F84A6E}.Release|Any CPU.ActiveCfg = Release|Any CPU
		{7D88FDEE-926E-4DAC-A8C9-CFC618F84A6E}.Release|Any CPU.Build.0 = Release|Any CPU
		{7D88FDEE-926E-4DAC-A8C9-CFC618F84A6E}.Release|x64.ActiveCfg = Release|Any CPU
		{7D88FDEE-926E-4DAC-A8C9-CFC618F84A6E}.Release|x64.Build.0 = Release|Any CPU
		{7D88FDEE-926E-4DAC-A8C9-CFC618F84A6E}.Release|x86.ActiveCfg = Release|Any CPU
		{7D88FDEE-926E-4DAC-A8C9-CFC618F84A6E}.Release|x86.Build.0 = Release|Any CPU
		{DA16B29E-18D4-4C20-A3F0-169017C3997E}.Debug|Any CPU.ActiveCfg = Debug|Any CPU
		{DA16B29E-18D4-4C20-A3F0-169017C3997E}.Debug|Any CPU.Build.0 = Debug|Any CPU
		{DA16B29E-18D4-4C20-A3F0-169017C3997E}.Debug|x64.ActiveCfg = Debug|Any CPU
		{DA16B29E-18D4-4C20-A3F0-169017C3997E}.Debug|x64.Build.0 = Debug|Any CPU
		{DA16B29E-18D4-4C20-A3F0-169017C3997E}.Debug|x86.ActiveCfg = Debug|Any CPU
		{DA16B29E-18D4-4C20-A3F0-169017C3997E}.Debug|x86.Build.0 = Debug|Any CPU
		{DA16B29E-18D4-4C20-A3F0-169017C3997E}.Release|Any CPU.ActiveCfg = Release|Any CPU
		{DA16B29E-18D4-4C20-A3F0-169017C3997E}.Release|Any CPU.Build.0 = Release|Any CPU
		{DA16B29E-18D4-4C20-A3F0-169017C3997E}.Release|x64.ActiveCfg = Release|Any CPU
		{DA16B29E-18D4-4C20-A3F0-169017C3997E}.Release|x64.Build.0 = Release|Any CPU
		{DA16B29E-18D4-4C20-A3F0-169017C3997E}.Release|x86.ActiveCfg = Release|Any CPU
		{DA16B29E-18D4-4C20-A3F0-169017C3997E}.Release|x86.Build.0 = Release|Any CPU
		{6B0A9FB9-CCD9-45DE-B318-FB91BED9833A}.Debug|Any CPU.ActiveCfg = Debug|Any CPU
		{6B0A9FB9-CCD9-45DE-B318-FB91BED9833A}.Debug|Any CPU.Build.0 = Debug|Any CPU
		{6B0A9FB9-CCD9-45DE-B318-FB91BED9833A}.Debug|x64.ActiveCfg = Debug|Any CPU
		{6B0A9FB9-CCD9-45DE-B318-FB91BED9833A}.Debug|x64.Build.0 = Debug|Any CPU
		{6B0A9FB9-CCD9-45DE-B318-FB91BED9833A}.Debug|x86.ActiveCfg = Debug|Any CPU
		{6B0A9FB9-CCD9-45DE-B318-FB91BED9833A}.Debug|x86.Build.0 = Debug|Any CPU
		{6B0A9FB9-CCD9-45DE-B318-FB91BED9833A}.Release|Any CPU.ActiveCfg = Release|Any CPU
		{6B0A9FB9-CCD9-45DE-B318-FB91BED9833A}.Release|Any CPU.Build.0 = Release|Any CPU
		{6B0A9FB9-CCD9-45DE-B318-FB91BED9833A}.Release|x64.ActiveCfg = Release|Any CPU
		{6B0A9FB9-CCD9-45DE-B318-FB91BED9833A}.Release|x64.Build.0 = Release|Any CPU
		{6B0A9FB9-CCD9-45DE-B318-FB91BED9833A}.Release|x86.ActiveCfg = Release|Any CPU
		{6B0A9FB9-CCD9-45DE-B318-FB91BED9833A}.Release|x86.Build.0 = Release|Any CPU
		{6E2C8D8D-6CE6-476B-B606-EDA385277517}.Debug|Any CPU.ActiveCfg = Debug|Any CPU
		{6E2C8D8D-6CE6-476B-B606-EDA385277517}.Debug|Any CPU.Build.0 = Debug|Any CPU
		{6E2C8D8D-6CE6-476B-B606-EDA385277517}.Debug|x64.ActiveCfg = Debug|Any CPU
		{6E2C8D8D-6CE6-476B-B606-EDA385277517}.Debug|x64.Build.0 = Debug|Any CPU
		{6E2C8D8D-6CE6-476B-B606-EDA385277517}.Debug|x86.ActiveCfg = Debug|Any CPU
		{6E2C8D8D-6CE6-476B-B606-EDA385277517}.Debug|x86.Build.0 = Debug|Any CPU
		{6E2C8D8D-6CE6-476B-B606-EDA385277517}.Release|Any CPU.ActiveCfg = Release|Any CPU
		{6E2C8D8D-6CE6-476B-B606-EDA385277517}.Release|Any CPU.Build.0 = Release|Any CPU
		{6E2C8D8D-6CE6-476B-B606-EDA385277517}.Release|x64.ActiveCfg = Release|Any CPU
		{6E2C8D8D-6CE6-476B-B606-EDA385277517}.Release|x64.Build.0 = Release|Any CPU
		{6E2C8D8D-6CE6-476B-B606-EDA385277517}.Release|x86.ActiveCfg = Release|Any CPU
		{6E2C8D8D-6CE6-476B-B606-EDA385277517}.Release|x86.Build.0 = Release|Any CPU
	EndGlobalSection
	GlobalSection(SolutionProperties) = preSolution
		HideSolutionNode = FALSE
	EndGlobalSection
	GlobalSection(NestedProjects) = preSolution
		{28B2D902-16AF-4502-A902-6CC41677A627} = {827E0CD3-B72D-47B6-A68D-7590B98EB39B}
		{6F83DD2F-EF46-4318-BFE9-D5813328ECC6} = {827E0CD3-B72D-47B6-A68D-7590B98EB39B}
		{546A13E2-A3D4-4DC9-9351-65C26C001B16} = {827E0CD3-B72D-47B6-A68D-7590B98EB39B}
		{7D88FDEE-926E-4DAC-A8C9-CFC618F84A6E} = {0C88DD14-F956-CE84-757C-A364CCF449FC}
		{DA16B29E-18D4-4C20-A3F0-169017C3997E} = {0C88DD14-F956-CE84-757C-A364CCF449FC}
		{6B0A9FB9-CCD9-45DE-B318-FB91BED9833A} = {0C88DD14-F956-CE84-757C-A364CCF449FC}
		{6E2C8D8D-6CE6-476B-B606-EDA385277517} = {0C88DD14-F956-CE84-757C-A364CCF449FC}
	EndGlobalSection
EndGlobal
