
Microsoft Visual Studio Solution File, Format Version 12.00
# Visual Studio Version 17
VisualStudioVersion = 17.0.31903.59
MinimumVisualStudioVersion = 10.0.40219.1
Project("{2150E333-8FDC-42A3-9474-1A3956D46DE8}") = "src", "src", "{827E0CD3-B72D-47B6-A68D-7590B98EB39B}"
EndProject
Project("{FAE04EC0-301F-11D3-BF4B-00C04F79EFBC}") = "WebApi", "src\WebApi\WebApi.csproj", "{E397F75E-0CA6-4308-A8A1-B407A5C9D2DF}"
EndProject
Project("{FAE04EC0-301F-11D3-BF4B-00C04F79EFBC}") = "Application", "src\Application\Application.csproj", "{79E46016-BDA4-4C3F-BED8-439F0397CC82}"
EndProject
Project("{FAE04EC0-301F-11D3-BF4B-00C04F79EFBC}") = "Domain", "src\Domain\Domain.csproj", "{79DB6982-9D9B-4742-A571-F1CB987C124B}"
EndProject
Project("{FAE04EC0-301F-11D3-BF4B-00C04F79EFBC}") = "Infrastructure", "src\Infrastructure\Infrastructure.csproj", "{D7156AC5-6B98-4595-8E83-00D4DCB7E42E}"
EndProject
Project("{2150E333-8FDC-42A3-9474-1A3956D46DE8}") = "test", "test", "{0C88DD14-F956-CE84-757C-A364CCF449FC}"
EndProject
Project("{FAE04EC0-301F-11D3-BF4B-00C04F79EFBC}") = "Application.UnitTests", "test\Application.UnitTests\Application.UnitTests.csproj", "{454E777A-D9EA-45F0-B9ED-A14F0B6FBD26}"
EndProject
Project("{FAE04EC0-301F-11D3-BF4B-00C04F79EFBC}") = "WebApi.UnitTests", "test\WebApi.UnitTests\WebApi.UnitTests.csproj", "{38DA1369-C031-4DA9-ACCC-12EA66257546}"
EndProject
Project("{FAE04EC0-301F-11D3-BF4B-00C04F79EFBC}") = "Infrastructure.UnitTests", "test\Infrastructure.UnitTests\Infrastructure.UnitTests.csproj", "{5272C21F-A06B-4809-8F4B-E664BF829AD7}"
EndProject
Project("{FAE04EC0-301F-11D3-BF4B-00C04F79EFBC}") = "WebApi.IntegrationTests", "test\WebApi.IntegrationTests\WebApi.IntegrationTests.csproj", "{66571B30-E5E3-4F12-B506-E3CEA5DA4937}"
EndProject
Global
	GlobalSection(SolutionConfigurationPlatforms) = preSolution
		Debug|Any CPU = Debug|Any CPU
		Debug|x64 = Debug|x64
		Debug|x86 = Debug|x86
		Release|Any CPU = Release|Any CPU
		Release|x64 = Release|x64
		Release|x86 = Release|x86
	EndGlobalSection
	GlobalSection(ProjectConfigurationPlatforms) = postSolution
		{E397F75E-0CA6-4308-A8A1-B407A5C9D2DF}.Debug|Any CPU.ActiveCfg = Debug|Any CPU
		{E397F75E-0CA6-4308-A8A1-B407A5C9D2DF}.Debug|Any CPU.Build.0 = Debug|Any CPU
		{E397F75E-0CA6-4308-A8A1-B407A5C9D2DF}.Debug|x64.ActiveCfg = Debug|Any CPU
		{E397F75E-0CA6-4308-A8A1-B407A5C9D2DF}.Debug|x64.Build.0 = Debug|Any CPU
		{E397F75E-0CA6-4308-A8A1-B407A5C9D2DF}.Debug|x86.ActiveCfg = Debug|Any CPU
		{E397F75E-0CA6-4308-A8A1-B407A5C9D2DF}.Debug|x86.Build.0 = Debug|Any CPU
		{E397F75E-0CA6-4308-A8A1-B407A5C9D2DF}.Release|Any CPU.ActiveCfg = Release|Any CPU
		{E397F75E-0CA6-4308-A8A1-B407A5C9D2DF}.Release|Any CPU.Build.0 = Release|Any CPU
		{E397F75E-0CA6-4308-A8A1-B407A5C9D2DF}.Release|x64.ActiveCfg = Release|Any CPU
		{E397F75E-0CA6-4308-A8A1-B407A5C9D2DF}.Release|x64.Build.0 = Release|Any CPU
		{E397F75E-0CA6-4308-A8A1-B407A5C9D2DF}.Release|x86.ActiveCfg = Release|Any CPU
		{E397F75E-0CA6-4308-A8A1-B407A5C9D2DF}.Release|x86.Build.0 = Release|Any CPU
		{79E46016-BDA4-4C3F-BED8-439F0397CC82}.Debug|Any CPU.ActiveCfg = Debug|Any CPU
		{79E46016-BDA4-4C3F-BED8-439F0397CC82}.Debug|Any CPU.Build.0 = Debug|Any CPU
		{79E46016-BDA4-4C3F-BED8-439F0397CC82}.Debug|x64.ActiveCfg = Debug|Any CPU
		{79E46016-BDA4-4C3F-BED8-439F0397CC82}.Debug|x64.Build.0 = Debug|Any CPU
		{79E46016-BDA4-4C3F-BED8-439F0397CC82}.Debug|x86.ActiveCfg = Debug|Any CPU
		{79E46016-BDA4-4C3F-BED8-439F0397CC82}.Debug|x86.Build.0 = Debug|Any CPU
		{79E46016-BDA4-4C3F-BED8-439F0397CC82}.Release|Any CPU.ActiveCfg = Release|Any CPU
		{79E46016-BDA4-4C3F-BED8-439F0397CC82}.Release|Any CPU.Build.0 = Release|Any CPU
		{79E46016-BDA4-4C3F-BED8-439F0397CC82}.Release|x64.ActiveCfg = Release|Any CPU
		{79E46016-BDA4-4C3F-BED8-439F0397CC82}.Release|x64.Build.0 = Release|Any CPU
		{79E46016-BDA4-4C3F-BED8-439F0397CC82}.Release|x86.ActiveCfg = Release|Any CPU
		{79E46016-BDA4-4C3F-BED8-439F0397CC82}.Release|x86.Build.0 = Release|Any CPU
		{79DB6982-9D9B-4742-A571-F1CB987C124B}.Debug|Any CPU.ActiveCfg = Debug|Any CPU
		{79DB6982-9D9B-4742-A571-F1CB987C124B}.Debug|Any CPU.Build.0 = Debug|Any CPU
		{79DB6982-9D9B-4742-A571-F1CB987C124B}.Debug|x64.ActiveCfg = Debug|Any CPU
		{79DB6982-9D9B-4742-A571-F1CB987C124B}.Debug|x64.Build.0 = Debug|Any CPU
		{79DB6982-9D9B-4742-A571-F1CB987C124B}.Debug|x86.ActiveCfg = Debug|Any CPU
		{79DB6982-9D9B-4742-A571-F1CB987C124B}.Debug|x86.Build.0 = Debug|Any CPU
		{79DB6982-9D9B-4742-A571-F1CB987C124B}.Release|Any CPU.ActiveCfg = Release|Any CPU
		{79DB6982-9D9B-4742-A571-F1CB987C124B}.Release|Any CPU.Build.0 = Release|Any CPU
		{79DB6982-9D9B-4742-A571-F1CB987C124B}.Release|x64.ActiveCfg = Release|Any CPU
		{79DB6982-9D9B-4742-A571-F1CB987C124B}.Release|x64.Build.0 = Release|Any CPU
		{79DB6982-9D9B-4742-A571-F1CB987C124B}.Release|x86.ActiveCfg = Release|Any CPU
		{79DB6982-9D9B-4742-A571-F1CB987C124B}.Release|x86.Build.0 = Release|Any CPU
		{D7156AC5-6B98-4595-8E83-00D4DCB7E42E}.Debug|Any CPU.ActiveCfg = Debug|Any CPU
		{D7156AC5-6B98-4595-8E83-00D4DCB7E42E}.Debug|Any CPU.Build.0 = Debug|Any CPU
		{D7156AC5-6B98-4595-8E83-00D4DCB7E42E}.Debug|x64.ActiveCfg = Debug|Any CPU
		{D7156AC5-6B98-4595-8E83-00D4DCB7E42E}.Debug|x64.Build.0 = Debug|Any CPU
		{D7156AC5-6B98-4595-8E83-00D4DCB7E42E}.Debug|x86.ActiveCfg = Debug|Any CPU
		{D7156AC5-6B98-4595-8E83-00D4DCB7E42E}.Debug|x86.Build.0 = Debug|Any CPU
		{D7156AC5-6B98-4595-8E83-00D4DCB7E42E}.Release|Any CPU.ActiveCfg = Release|Any CPU
		{D7156AC5-6B98-4595-8E83-00D4DCB7E42E}.Release|Any CPU.Build.0 = Release|Any CPU
		{D7156AC5-6B98-4595-8E83-00D4DCB7E42E}.Release|x64.ActiveCfg = Release|Any CPU
		{D7156AC5-6B98-4595-8E83-00D4DCB7E42E}.Release|x64.Build.0 = Release|Any CPU
		{D7156AC5-6B98-4595-8E83-00D4DCB7E42E}.Release|x86.ActiveCfg = Release|Any CPU
		{D7156AC5-6B98-4595-8E83-00D4DCB7E42E}.Release|x86.Build.0 = Release|Any CPU
		{454E777A-D9EA-45F0-B9ED-A14F0B6FBD26}.Debug|Any CPU.ActiveCfg = Debug|Any CPU
		{454E777A-D9EA-45F0-B9ED-A14F0B6FBD26}.Debug|Any CPU.Build.0 = Debug|Any CPU
		{454E777A-D9EA-45F0-B9ED-A14F0B6FBD26}.Debug|x64.ActiveCfg = Debug|Any CPU
		{454E777A-D9EA-45F0-B9ED-A14F0B6FBD26}.Debug|x64.Build.0 = Debug|Any CPU
		{454E777A-D9EA-45F0-B9ED-A14F0B6FBD26}.Debug|x86.ActiveCfg = Debug|Any CPU
		{454E777A-D9EA-45F0-B9ED-A14F0B6FBD26}.Debug|x86.Build.0 = Debug|Any CPU
		{454E777A-D9EA-45F0-B9ED-A14F0B6FBD26}.Release|Any CPU.ActiveCfg = Release|Any CPU
		{454E777A-D9EA-45F0-B9ED-A14F0B6FBD26}.Release|Any CPU.Build.0 = Release|Any CPU
		{454E777A-D9EA-45F0-B9ED-A14F0B6FBD26}.Release|x64.ActiveCfg = Release|Any CPU
		{454E777A-D9EA-45F0-B9ED-A14F0B6FBD26}.Release|x64.Build.0 = Release|Any CPU
		{454E777A-D9EA-45F0-B9ED-A14F0B6FBD26}.Release|x86.ActiveCfg = Release|Any CPU
		{454E777A-D9EA-45F0-B9ED-A14F0B6FBD26}.Release|x86.Build.0 = Release|Any CPU
		{38DA1369-C031-4DA9-ACCC-12EA66257546}.Debug|Any CPU.ActiveCfg = Debug|Any CPU
		{38DA1369-C031-4DA9-ACCC-12EA66257546}.Debug|Any CPU.Build.0 = Debug|Any CPU
		{38DA1369-C031-4DA9-ACCC-12EA66257546}.Debug|x64.ActiveCfg = Debug|Any CPU
		{38DA1369-C031-4DA9-ACCC-12EA66257546}.Debug|x64.Build.0 = Debug|Any CPU
		{38DA1369-C031-4DA9-ACCC-12EA66257546}.Debug|x86.ActiveCfg = Debug|Any CPU
		{38DA1369-C031-4DA9-ACCC-12EA66257546}.Debug|x86.Build.0 = Debug|Any CPU
		{38DA1369-C031-4DA9-ACCC-12EA66257546}.Release|Any CPU.ActiveCfg = Release|Any CPU
		{38DA1369-C031-4DA9-ACCC-12EA66257546}.Release|Any CPU.Build.0 = Release|Any CPU
		{38DA1369-C031-4DA9-ACCC-12EA66257546}.Release|x64.ActiveCfg = Release|Any CPU
		{38DA1369-C031-4DA9-ACCC-12EA66257546}.Release|x64.Build.0 = Release|Any CPU
		{38DA1369-C031-4DA9-ACCC-12EA66257546}.Release|x86.ActiveCfg = Release|Any CPU
		{38DA1369-C031-4DA9-ACCC-12EA66257546}.Release|x86.Build.0 = Release|Any CPU
		{5272C21F-A06B-4809-8F4B-E664BF829AD7}.Debug|Any CPU.ActiveCfg = Debug|Any CPU
		{5272C21F-A06B-4809-8F4B-E664BF829AD7}.Debug|Any CPU.Build.0 = Debug|Any CPU
		{5272C21F-A06B-4809-8F4B-E664BF829AD7}.Debug|x64.ActiveCfg = Debug|Any CPU
		{5272C21F-A06B-4809-8F4B-E664BF829AD7}.Debug|x64.Build.0 = Debug|Any CPU
		{5272C21F-A06B-4809-8F4B-E664BF829AD7}.Debug|x86.ActiveCfg = Debug|Any CPU
		{5272C21F-A06B-4809-8F4B-E664BF829AD7}.Debug|x86.Build.0 = Debug|Any CPU
		{5272C21F-A06B-4809-8F4B-E664BF829AD7}.Release|Any CPU.ActiveCfg = Release|Any CPU
		{5272C21F-A06B-4809-8F4B-E664BF829AD7}.Release|Any CPU.Build.0 = Release|Any CPU
		{5272C21F-A06B-4809-8F4B-E664BF829AD7}.Release|x64.ActiveCfg = Release|Any CPU
		{5272C21F-A06B-4809-8F4B-E664BF829AD7}.Release|x64.Build.0 = Release|Any CPU
		{5272C21F-A06B-4809-8F4B-E664BF829AD7}.Release|x86.ActiveCfg = Release|Any CPU
		{5272C21F-A06B-4809-8F4B-E664BF829AD7}.Release|x86.Build.0 = Release|Any CPU
		{66571B30-E5E3-4F12-B506-E3CEA5DA4937}.Debug|Any CPU.ActiveCfg = Debug|Any CPU
		{66571B30-E5E3-4F12-B506-E3CEA5DA4937}.Debug|Any CPU.Build.0 = Debug|Any CPU
		{66571B30-E5E3-4F12-B506-E3CEA5DA4937}.Debug|x64.ActiveCfg = Debug|Any CPU
		{66571B30-E5E3-4F12-B506-E3CEA5DA4937}.Debug|x64.Build.0 = Debug|Any CPU
		{66571B30-E5E3-4F12-B506-E3CEA5DA4937}.Debug|x86.ActiveCfg = Debug|Any CPU
		{66571B30-E5E3-4F12-B506-E3CEA5DA4937}.Debug|x86.Build.0 = Debug|Any CPU
		{66571B30-E5E3-4F12-B506-E3CEA5DA4937}.Release|Any CPU.ActiveCfg = Release|Any CPU
		{66571B30-E5E3-4F12-B506-E3CEA5DA4937}.Release|Any CPU.Build.0 = Release|Any CPU
		{66571B30-E5E3-4F12-B506-E3CEA5DA4937}.Release|x64.ActiveCfg = Release|Any CPU
		{66571B30-E5E3-4F12-B506-E3CEA5DA4937}.Release|x64.Build.0 = Release|Any CPU
		{66571B30-E5E3-4F12-B506-E3CEA5DA4937}.Release|x86.ActiveCfg = Release|Any CPU
		{66571B30-E5E3-4F12-B506-E3CEA5DA4937}.Release|x86.Build.0 = Release|Any CPU
	EndGlobalSection
	GlobalSection(SolutionProperties) = preSolution
		HideSolutionNode = FALSE
	EndGlobalSection
	GlobalSection(NestedProjects) = preSolution
		{E397F75E-0CA6-4308-A8A1-B407A5C9D2DF} = {827E0CD3-B72D-47B6-A68D-7590B98EB39B}
		{79E46016-BDA4-4C3F-BED8-439F0397CC82} = {827E0CD3-B72D-47B6-A68D-7590B98EB39B}
		{79DB6982-9D9B-4742-A571-F1CB987C124B} = {827E0CD3-B72D-47B6-A68D-7590B98EB39B}
		{D7156AC5-6B98-4595-8E83-00D4DCB7E42E} = {827E0CD3-B72D-47B6-A68D-7590B98EB39B}
		{454E777A-D9EA-45F0-B9ED-A14F0B6FBD26} = {0C88DD14-F956-CE84-757C-A364CCF449FC}
		{38DA1369-C031-4DA9-ACCC-12EA66257546} = {0C88DD14-F956-CE84-757C-A364CCF449FC}
		{5272C21F-A06B-4809-8F4B-E664BF829AD7} = {0C88DD14-F956-CE84-757C-A364CCF449FC}
		{66571B30-E5E3-4F12-B506-E3CEA5DA4937} = {0C88DD14-F956-CE84-757C-A364CCF449FC}
	EndGlobalSection
EndGlobal
